
Microsoft Visual Studio Solution File, Format Version 12.00
# Visual Studio Version 17
VisualStudioVersion = 17.10.34928.147
MinimumVisualStudioVersion = 10.0.40219.1
Project("{9A19103F-16F7-4668-BE54-9A1E7A4F7556}") = "BlazorApp.Client", "BlazorApp.Client\BlazorApp.Client.csproj", "{E755B363-489C-4C24-A045-8A0B14FEA3EB}"
EndProject
Project("{9A19103F-16F7-4668-BE54-9A1E7A4F7556}") = "Models", "Models\Models.csproj", "{C1CC8051-6E14-4255-84D2-F9C82CAC4BDF}"
EndProject
Project("{9A19103F-16F7-4668-BE54-9A1E7A4F7556}") = "DAL", "DAL\DAL.csproj", "{D4A432FE-F236-4272-A2EB-78CA9D45A76A}"
EndProject
Project("{9A19103F-16F7-4668-BE54-9A1E7A4F7556}") = "BLL", "BLL\BLL.csproj", "{4CCD1BDD-C9B7-47C1-BCEC-4D6A6947791D}"
EndProject
Project("{9A19103F-16F7-4668-BE54-9A1E7A4F7556}") = "API", "API\API.csproj", "{22A1F536-8B02-4338-98EB-C04E3C05274E}"
EndProject
Project("{9A19103F-16F7-4668-BE54-9A1E7A4F7556}") = "BlazorApp.Shared", "BlazorApp.Shared\BlazorApp.Shared.csproj", "{D5BEC23E-84DF-46B5-95CF-D41D1CFF6EFE}"
EndProject
Project("{FAE04EC0-301F-11D3-BF4B-00C04F79EFBC}") = "BlazorApp.Utils", "BlazorApp.Utils\BlazorApp.Utils.csproj", "{97FCD9A7-4424-464D-B3E6-DE1CDCA033E5}"
EndProject
Global
	GlobalSection(SolutionConfigurationPlatforms) = preSolution
		Debug|Any CPU = Debug|Any CPU
		Release|Any CPU = Release|Any CPU
	EndGlobalSection
	GlobalSection(ProjectConfigurationPlatforms) = postSolution
		{E755B363-489C-4C24-A045-8A0B14FEA3EB}.Debug|Any CPU.ActiveCfg = Debug|Any CPU
		{E755B363-489C-4C24-A045-8A0B14FEA3EB}.Debug|Any CPU.Build.0 = Debug|Any CPU
		{E755B363-489C-4C24-A045-8A0B14FEA3EB}.Release|Any CPU.ActiveCfg = Release|Any CPU
		{E755B363-489C-4C24-A045-8A0B14FEA3EB}.Release|Any CPU.Build.0 = Release|Any CPU
		{C1CC8051-6E14-4255-84D2-F9C82CAC4BDF}.Debug|Any CPU.ActiveCfg = Debug|Any CPU
		{C1CC8051-6E14-4255-84D2-F9C82CAC4BDF}.Debug|Any CPU.Build.0 = Debug|Any CPU
		{C1CC8051-6E14-4255-84D2-F9C82CAC4BDF}.Release|Any CPU.ActiveCfg = Release|Any CPU
		{C1CC8051-6E14-4255-84D2-F9C82CAC4BDF}.Release|Any CPU.Build.0 = Release|Any CPU
		{D4A432FE-F236-4272-A2EB-78CA9D45A76A}.Debug|Any CPU.ActiveCfg = Debug|Any CPU
		{D4A432FE-F236-4272-A2EB-78CA9D45A76A}.Debug|Any CPU.Build.0 = Debug|Any CPU
		{D4A432FE-F236-4272-A2EB-78CA9D45A76A}.Release|Any CPU.ActiveCfg = Release|Any CPU
		{D4A432FE-F236-4272-A2EB-78CA9D45A76A}.Release|Any CPU.Build.0 = Release|Any CPU
		{4CCD1BDD-C9B7-47C1-BCEC-4D6A6947791D}.Debug|Any CPU.ActiveCfg = Debug|Any CPU
		{4CCD1BDD-C9B7-47C1-BCEC-4D6A6947791D}.Debug|Any CPU.Build.0 = Debug|Any CPU
		{4CCD1BDD-C9B7-47C1-BCEC-4D6A6947791D}.Release|Any CPU.ActiveCfg = Release|Any CPU
		{4CCD1BDD-C9B7-47C1-BCEC-4D6A6947791D}.Release|Any CPU.Build.0 = Release|Any CPU
		{22A1F536-8B02-4338-98EB-C04E3C05274E}.Debug|Any CPU.ActiveCfg = Debug|Any CPU
		{22A1F536-8B02-4338-98EB-C04E3C05274E}.Debug|Any CPU.Build.0 = Debug|Any CPU
		{22A1F536-8B02-4338-98EB-C04E3C05274E}.Release|Any CPU.ActiveCfg = Release|Any CPU
		{22A1F536-8B02-4338-98EB-C04E3C05274E}.Release|Any CPU.Build.0 = Release|Any CPU
		{D5BEC23E-84DF-46B5-95CF-D41D1CFF6EFE}.Debug|Any CPU.ActiveCfg = Debug|Any CPU
		{D5BEC23E-84DF-46B5-95CF-D41D1CFF6EFE}.Debug|Any CPU.Build.0 = Debug|Any CPU
		{D5BEC23E-84DF-46B5-95CF-D41D1CFF6EFE}.Release|Any CPU.ActiveCfg = Release|Any CPU
		{D5BEC23E-84DF-46B5-95CF-D41D1CFF6EFE}.Release|Any CPU.Build.0 = Release|Any CPU
		{97FCD9A7-4424-464D-B3E6-DE1CDCA033E5}.Debug|Any CPU.ActiveCfg = Debug|Any CPU
		{97FCD9A7-4424-464D-B3E6-DE1CDCA033E5}.Debug|Any CPU.Build.0 = Debug|Any CPU
		{97FCD9A7-4424-464D-B3E6-DE1CDCA033E5}.Release|Any CPU.ActiveCfg = Release|Any CPU
		{97FCD9A7-4424-464D-B3E6-DE1CDCA033E5}.Release|Any CPU.Build.0 = Release|Any CPU
	EndGlobalSection
	GlobalSection(SolutionProperties) = preSolution
		HideSolutionNode = FALSE
	EndGlobalSection
	GlobalSection(ExtensibilityGlobals) = postSolution
		SolutionGuid = {D6A0621D-73E6-40C3-9DC3-301C9A8A857F}
	EndGlobalSection
EndGlobal
